
Microsoft Visual Studio Solution File, Format Version 12.00
# Visual Studio Version 17
VisualStudioVersion = 17.5.33516.290
MinimumVisualStudioVersion = 10.0.40219.1
Project("{FAE04EC0-301F-11D3-BF4B-00C04F79EFBC}") = "Algorythms", "Algorythms.csproj", "{35F793A9-9393-4EBC-BCD2-24BDACBA7536}"
EndProject
Global
	GlobalSection(SolutionConfigurationPlatforms) = preSolution
		Debug|Any CPU = Debug|Any CPU
		Release|Any CPU = Release|Any CPU
	EndGlobalSection
	GlobalSection(ProjectConfigurationPlatforms) = postSolution
		{35F793A9-9393-4EBC-BCD2-24BDACBA7536}.Debug|Any CPU.ActiveCfg = Debug|Any CPU
		{35F793A9-9393-4EBC-BCD2-24BDACBA7536}.Debug|Any CPU.Build.0 = Debug|Any CPU
		{35F793A9-9393-4EBC-BCD2-24BDACBA7536}.Release|Any CPU.ActiveCfg = Release|Any CPU
		{35F793A9-9393-4EBC-BCD2-24BDACBA7536}.Release|Any CPU.Build.0 = Release|Any CPU
	EndGlobalSection
	GlobalSection(SolutionProperties) = preSolution
		HideSolutionNode = FALSE
	EndGlobalSection
	GlobalSection(ExtensibilityGlobals) = postSolution
		SolutionGuid = {01D17C88-E561-4B47-ACD5-402FEE0C831D}
	EndGlobalSection
EndGlobal
