
Microsoft Visual Studio Solution File, Format Version 12.00
# Visual Studio Version 17
VisualStudioVersion = 17.5.33516.290
MinimumVisualStudioVersion = 10.0.40219.1
Project("{FAE04EC0-301F-11D3-BF4B-00C04F79EFBC}") = "TicTacToeGame", "TicTacToeGame.csproj", "{BEEBF6A3-2663-4DB0-8782-EF56DFBB35DE}"
EndProject
Global
	GlobalSection(SolutionConfigurationPlatforms) = preSolution
		Debug|Any CPU = Debug|Any CPU
		Release|Any CPU = Release|Any CPU
	EndGlobalSection
	GlobalSection(ProjectConfigurationPlatforms) = postSolution
		{BEEBF6A3-2663-4DB0-8782-EF56DFBB35DE}.Debug|Any CPU.ActiveCfg = Debug|Any CPU
		{BEEBF6A3-2663-4DB0-8782-EF56DFBB35DE}.Debug|Any CPU.Build.0 = Debug|Any CPU
		{BEEBF6A3-2663-4DB0-8782-EF56DFBB35DE}.Release|Any CPU.ActiveCfg = Release|Any CPU
		{BEEBF6A3-2663-4DB0-8782-EF56DFBB35DE}.Release|Any CPU.Build.0 = Release|Any CPU
	EndGlobalSection
	GlobalSection(SolutionProperties) = preSolution
		HideSolutionNode = FALSE
	EndGlobalSection
	GlobalSection(ExtensibilityGlobals) = postSolution
		SolutionGuid = {69D77CD7-B735-47FD-B01E-CCB7697E94A9}
	EndGlobalSection
EndGlobal
